
Microsoft Visual Studio Solution File, Format Version 12.00
# Visual Studio Version 16
VisualStudioVersion = 16.0.29613.14
MinimumVisualStudioVersion = 10.0.40219.1
Project("{8BC9CEB8-8B4A-11D0-8D11-00A0C91BC942}") = "Tracer", "Tracer\Tracer.vcxproj", "{AD79D7B9-264E-42A5-A77D-FFB6B3B056EF}"
	ProjectSection(ProjectDependencies) = postProject
		{C663FC18-7D58-4DC5-B40B-70697E7F5FEA} = {C663FC18-7D58-4DC5-B40B-70697E7F5FEA}
	EndProjectSection
EndProject
Project("{8BC9CEB8-8B4A-11D0-8D11-00A0C91BC942}") = "Resources", "Resources\Resources.vcxproj", "{C663FC18-7D58-4DC5-B40B-70697E7F5FEA}"
EndProject
Global
	GlobalSection(SolutionConfigurationPlatforms) = preSolution
		Debug|x64 = Debug|x64
		Release|x64 = Release|x64
		RelWithDebInfo|x64 = RelWithDebInfo|x64
	EndGlobalSection
	GlobalSection(ProjectConfigurationPlatforms) = postSolution
		{AD79D7B9-264E-42A5-A77D-FFB6B3B056EF}.Debug|x64.ActiveCfg = Debug|x64
		{AD79D7B9-264E-42A5-A77D-FFB6B3B056EF}.Debug|x64.Build.0 = Debug|x64
		{AD79D7B9-264E-42A5-A77D-FFB6B3B056EF}.Release|x64.ActiveCfg = Release|x64
		{AD79D7B9-264E-42A5-A77D-FFB6B3B056EF}.Release|x64.Build.0 = Release|x64
		{AD79D7B9-264E-42A5-A77D-FFB6B3B056EF}.RelWithDebInfo|x64.ActiveCfg = RelWithDebInfo|x64
		{AD79D7B9-264E-42A5-A77D-FFB6B3B056EF}.RelWithDebInfo|x64.Build.0 = RelWithDebInfo|x64
		{C663FC18-7D58-4DC5-B40B-70697E7F5FEA}.Debug|x64.ActiveCfg = Debug|x64
		{C663FC18-7D58-4DC5-B40B-70697E7F5FEA}.Debug|x64.Build.0 = Debug|x64
		{C663FC18-7D58-4DC5-B40B-70697E7F5FEA}.Release|x64.ActiveCfg = Release|x64
		{C663FC18-7D58-4DC5-B40B-70697E7F5FEA}.Release|x64.Build.0 = Release|x64
		{C663FC18-7D58-4DC5-B40B-70697E7F5FEA}.RelWithDebInfo|x64.ActiveCfg = RelWithDebInfo|x64
		{C663FC18-7D58-4DC5-B40B-70697E7F5FEA}.RelWithDebInfo|x64.Build.0 = RelWithDebInfo|x64
	EndGlobalSection
	GlobalSection(SolutionProperties) = preSolution
		HideSolutionNode = FALSE
	EndGlobalSection
	GlobalSection(ExtensibilityGlobals) = postSolution
		SolutionGuid = {1473797E-7405-48DA-95A4-2B895E4993D1}
	EndGlobalSection
EndGlobal
