<?xml version="1.0" encoding="utf-8"?>
<Project ToolsVersion="4.0" xmlns="http://schemas.microsoft.com/developer/msbuild/2003">
  <ItemGroup>
    <ClCompile Include="Main.cpp" />
    <ClCompile Include="App\App.cpp">
      <Filter>App</Filter>
    </ClCompile>
    <ClCompile Include="OpenGL\Window.cpp">
      <Filter>OpenGL</Filter>
    </ClCompile>
    <ClCompile Include="Resources\Mesh.cpp">
      <Filter>Resources</Filter>
    </ClCompile>
    <ClCompile Include="Utility\Stopwatch.cpp">
      <Filter>Utility</Filter>
    </ClCompile>
    <ClCompile Include="Utility\Utility.cpp">
      <Filter>Utility</Filter>
    </ClCompile>
    <ClCompile Include="App\ControlScheme.cpp">
      <Filter>App</Filter>
    </ClCompile>
    <ClCompile Include="App\OrbitCameraController.cpp">
      <Filter>App</Filter>
    </ClCompile>
    <ClCompile Include="..\libraries\imgui\imgui.cpp">
      <Filter>GUI\ImGUI</Filter>
    </ClCompile>
    <ClCompile Include="..\libraries\imgui\imgui_impl_glfw.cpp">
      <Filter>GUI\ImGUI</Filter>
    </ClCompile>
    <ClCompile Include="..\libraries\imgui\imgui_widgets.cpp">
      <Filter>GUI\ImGUI</Filter>
    </ClCompile>
    <ClCompile Include="..\libraries\imgui\imgui_impl_opengl3.cpp">
      <Filter>GUI\ImGUI</Filter>
    </ClCompile>
    <ClCompile Include="..\libraries\imgui\imgui_draw.cpp">
      <Filter>GUI\ImGUI</Filter>
    </ClCompile>
    <ClCompile Include="GUI\GuiHelpers.cpp">
      <Filter>GUI</Filter>
    </ClCompile>
    <ClCompile Include="GUI\GuiWindow.cpp">
      <Filter>GUI</Filter>
    </ClCompile>
    <ClCompile Include="GUI\CameraWindow.cpp">
      <Filter>GUI</Filter>
    </ClCompile>
    <ClCompile Include="GUI\DebugWindow.cpp">
      <Filter>GUI</Filter>
    </ClCompile>
    <ClCompile Include="Resources\Material.cpp">
      <Filter>Resources</Filter>
    </ClCompile>
    <ClCompile Include="Resources\Model.cpp">
      <Filter>Resources</Filter>
    </ClCompile>
    <ClCompile Include="Resources\Scene.cpp">
      <Filter>Resources</Filter>
    </ClCompile>
    <ClCompile Include="GUI\RendererWindow.cpp">
      <Filter>GUI</Filter>
    </ClCompile>
    <ClCompile Include="OpenGL\GLTexture.cpp">
      <Filter>OpenGL</Filter>
    </ClCompile>
    <ClCompile Include="OpenGL\Shader.cpp">
      <Filter>OpenGL</Filter>
    </ClCompile>
    <ClCompile Include="OpenGL\GLHelpers.cpp">
      <Filter>OpenGL</Filter>
    </ClCompile>
    <ClCompile Include="Utility\Importer.cpp">
      <Filter>Utility</Filter>
    </ClCompile>
    <ClCompile Include="Resources\Texture.cpp">
      <Filter>Resources</Filter>
    </ClCompile>
    <ClCompile Include="GUI\StatWindow.cpp">
      <Filter>GUI</Filter>
    </ClCompile>
    <ClCompile Include="Resources\CameraNode.cpp">
      <Filter>Resources</Filter>
    </ClCompile>
    <ClCompile Include="Renderer\CudaBuffer.cpp">
      <Filter>Renderer</Filter>
    </ClCompile>
    <ClCompile Include="Renderer\Renderer.cpp">
      <Filter>Renderer</Filter>
    </ClCompile>
    <ClCompile Include="Renderer\CudaError.cpp">
      <Filter>Renderer</Filter>
    </ClCompile>
    <ClCompile Include="Common\CommonStructs.cpp">
      <Filter>Common</Filter>
    </ClCompile>
  </ItemGroup>
  <ItemGroup>
    <Filter Include="App">
      <UniqueIdentifier>{c4441e7c-8e83-4c98-b1b3-b751d760f625}</UniqueIdentifier>
    </Filter>
    <Filter Include="Common">
      <UniqueIdentifier>{0f6ab266-204d-47f1-b0f1-f7dcd5e3215b}</UniqueIdentifier>
    </Filter>
    <Filter Include="OpenGL">
      <UniqueIdentifier>{a462fed7-801a-4462-824d-bc872bee4365}</UniqueIdentifier>
    </Filter>
    <Filter Include="Optix">
      <UniqueIdentifier>{ccb7b2f3-1d66-42d8-a831-422c6b8ad7a8}</UniqueIdentifier>
    </Filter>
    <Filter Include="Resources">
      <UniqueIdentifier>{890d41a5-1426-47c1-afea-e4be90eb0337}</UniqueIdentifier>
    </Filter>
    <Filter Include="Utility">
      <UniqueIdentifier>{3794cf45-6236-4303-8a99-1586fc2ebcba}</UniqueIdentifier>
    </Filter>
    <Filter Include="GUI">
      <UniqueIdentifier>{124cb1e1-b40c-4768-8d39-01e31eb370aa}</UniqueIdentifier>
    </Filter>
    <Filter Include="GUI\ImGUI">
      <UniqueIdentifier>{3bed6e0a-c36c-42c8-b836-f224fe202670}</UniqueIdentifier>
    </Filter>
    <Filter Include="Renderer">
      <UniqueIdentifier>{9853ed54-2a6f-41d5-bf8b-a49f4134ae5f}</UniqueIdentifier>
    </Filter>
    <Filter Include="CUDA">
      <UniqueIdentifier>{f8167abd-e5a9-49fc-95c5-94113d5ae47e}</UniqueIdentifier>
    </Filter>
  </ItemGroup>
  <ItemGroup>
    <ClInclude Include="App\App.h">
      <Filter>App</Filter>
    </ClInclude>
    <ClInclude Include="Common\CommonStructs.h">
      <Filter>Common</Filter>
    </ClInclude>
    <ClInclude Include="OpenGL\Window.h">
      <Filter>OpenGL</Filter>
    </ClInclude>
    <ClInclude Include="Resources\Mesh.h">
      <Filter>Resources</Filter>
    </ClInclude>
    <ClInclude Include="Utility\LinearMath.h">
      <Filter>Utility</Filter>
    </ClInclude>
    <ClInclude Include="Utility\Stopwatch.h">
      <Filter>Utility</Filter>
    </ClInclude>
    <ClInclude Include="Utility\Utility.h">
      <Filter>Utility</Filter>
    </ClInclude>
    <ClInclude Include="Utility\WindowsLean.h">
      <Filter>Utility</Filter>
    </ClInclude>
    <ClInclude Include="App\ControlScheme.h">
      <Filter>App</Filter>
    </ClInclude>
    <ClInclude Include="App\OrbitCameraController.h">
      <Filter>App</Filter>
    </ClInclude>
    <ClInclude Include="OpenGL\Input.h">
      <Filter>OpenGL</Filter>
    </ClInclude>
    <ClInclude Include="..\libraries\imgui\imconfig.h">
      <Filter>GUI\ImGUI</Filter>
    </ClInclude>
    <ClInclude Include="..\libraries\imgui\imgui.h">
      <Filter>GUI\ImGUI</Filter>
    </ClInclude>
    <ClInclude Include="..\libraries\imgui\imgui_impl_glfw.h">
      <Filter>GUI\ImGUI</Filter>
    </ClInclude>
    <ClInclude Include="..\libraries\imgui\imgui_internal.h">
      <Filter>GUI\ImGUI</Filter>
    </ClInclude>
    <ClInclude Include="..\libraries\imgui\imstb_rectpack.h">
      <Filter>GUI\ImGUI</Filter>
    </ClInclude>
    <ClInclude Include="..\libraries\imgui\imstb_textedit.h">
      <Filter>GUI\ImGUI</Filter>
    </ClInclude>
    <ClInclude Include="..\libraries\imgui\imstb_truetype.h">
      <Filter>GUI\ImGUI</Filter>
    </ClInclude>
    <ClInclude Include="..\libraries\imgui\imgui_impl_opengl3.h">
      <Filter>GUI\ImGUI</Filter>
    </ClInclude>
    <ClInclude Include="GUI\GuiHelpers.h">
      <Filter>GUI</Filter>
    </ClInclude>
    <ClInclude Include="GUI\CameraWindow.h">
      <Filter>GUI</Filter>
    </ClInclude>
    <ClInclude Include="GUI\GuiWindow.h">
      <Filter>GUI</Filter>
    </ClInclude>
    <ClInclude Include="GUI\DebugWindow.h">
      <Filter>GUI</Filter>
    </ClInclude>
    <ClInclude Include="Resources\Material.h">
      <Filter>Resources</Filter>
    </ClInclude>
    <ClInclude Include="Resources\Scene.h">
      <Filter>Resources</Filter>
    </ClInclude>
    <ClInclude Include="GUI\RendererWindow.h">
      <Filter>GUI</Filter>
    </ClInclude>
    <ClInclude Include="OpenGL\GLTexture.h">
      <Filter>OpenGL</Filter>
    </ClInclude>
    <ClInclude Include="OpenGL\Shader.h">
      <Filter>OpenGL</Filter>
    </ClInclude>
    <ClInclude Include="OpenGL\GLHelpers.h">
      <Filter>OpenGL</Filter>
    </ClInclude>
    <ClInclude Include="Utility\Importer.h">
      <Filter>Utility</Filter>
    </ClInclude>
    <ClInclude Include="Resources\Texture.h">
      <Filter>Resources</Filter>
    </ClInclude>
    <ClInclude Include="GUI\StatWindow.h">
      <Filter>GUI</Filter>
    </ClInclude>
    <ClInclude Include="Resources\CameraNode.h">
      <Filter>Resources</Filter>
    </ClInclude>
    <ClInclude Include="Renderer\CudaBuffer.h">
      <Filter>Renderer</Filter>
    </ClInclude>
    <ClInclude Include="Renderer\Renderer.h">
      <Filter>Renderer</Filter>
    </ClInclude>
    <ClInclude Include="Renderer\CudaError.h">
      <Filter>Renderer</Filter>
    </ClInclude>
    <ClInclude Include="CUDA\Shade.h">
      <Filter>CUDA</Filter>
    </ClInclude>
    <ClInclude Include="CUDA\CudaUtility.h">
      <Filter>CUDA</Filter>
    </ClInclude>
    <ClInclude Include="CUDA\CudaFwd.h">
      <Filter>CUDA</Filter>
    </ClInclude>
    <ClInclude Include="Common\CommonUtility.h">
      <Filter>Common</Filter>
    </ClInclude>
  </ItemGroup>
  <ItemGroup>
    <None Include="Resources\Model.h">
      <Filter>Resources</Filter>
    </None>
  </ItemGroup>
  <ItemGroup>
    <CudaCompile Include="Optix\optix.cu">
      <Filter>Optix</Filter>
    </CudaCompile>
    <CudaCompile Include="CUDA\cuda.cu">
      <Filter>CUDA</Filter>
    </CudaCompile>
  </ItemGroup>
</Project>