<?xml version="1.0" encoding="utf-8"?>
<Project ToolsVersion="4.0" xmlns="http://schemas.microsoft.com/developer/msbuild/2003">
  <ItemGroup>
    <ClCompile Include="OpenGL\Window.cpp">
      <Filter>OpenGL</Filter>
    </ClCompile>
    <ClCompile Include="Utility\Stopwatch.cpp">
      <Filter>Utility</Filter>
    </ClCompile>
    <ClCompile Include="Utility\Utility.cpp">
      <Filter>Utility</Filter>
    </ClCompile>
    <ClCompile Include="Resources\Material.cpp">
      <Filter>Resources</Filter>
    </ClCompile>
    <ClCompile Include="Resources\Model.cpp">
      <Filter>Resources</Filter>
    </ClCompile>
    <ClCompile Include="OpenGL\GLTexture.cpp">
      <Filter>OpenGL</Filter>
    </ClCompile>
    <ClCompile Include="OpenGL\Shader.cpp">
      <Filter>OpenGL</Filter>
    </ClCompile>
    <ClCompile Include="OpenGL\GLHelpers.cpp">
      <Filter>OpenGL</Filter>
    </ClCompile>
    <ClCompile Include="Resources\Texture.cpp">
      <Filter>Resources</Filter>
    </ClCompile>
    <ClCompile Include="Resources\CameraNode.cpp">
      <Filter>Resources</Filter>
    </ClCompile>
    <ClCompile Include="Renderer\Renderer.cpp">
      <Filter>Renderer</Filter>
    </ClCompile>
    <ClCompile Include="Common\CommonStructs.cpp">
      <Filter>Common</Filter>
    </ClCompile>
    <ClCompile Include="Resources\Instance.cpp">
      <Filter>Resources</Filter>
    </ClCompile>
    <ClCompile Include="Renderer\Scene.cpp">
      <Filter>Renderer</Filter>
    </ClCompile>
    <ClCompile Include="GUI\GuiHelpers.cpp">
      <Filter>GUI</Filter>
    </ClCompile>
    <ClCompile Include="FileIO\SceneFile.cpp">
      <Filter>FileIO</Filter>
    </ClCompile>
    <ClCompile Include="Resources\Resource.cpp">
      <Filter>Resources</Filter>
    </ClCompile>
    <ClCompile Include="GUI\MainGui.cpp">
      <Filter>GUI</Filter>
    </ClCompile>
    <ClCompile Include="Utility\Logger.cpp">
      <Filter>Utility</Filter>
    </ClCompile>
    <ClCompile Include="Renderer\Sky.cpp">
      <Filter>Renderer</Filter>
    </ClCompile>
    <ClCompile Include="App\RunApp.cpp">
      <Filter>App</Filter>
    </ClCompile>
    <ClCompile Include="FileIO\ModelFile.cpp">
      <Filter>FileIO</Filter>
    </ClCompile>
    <ClCompile Include="FileIO\TextureFile.cpp">
      <Filter>FileIO</Filter>
    </ClCompile>
    <ClCompile Include="CUDA\CudaBuffer.cpp">
      <Filter>CUDA</Filter>
    </ClCompile>
    <ClCompile Include="CUDA\CudaError.cpp">
      <Filter>CUDA</Filter>
    </ClCompile>
    <ClCompile Include="Optix\OptixError.cpp">
      <Filter>Optix</Filter>
    </ClCompile>
    <ClCompile Include="FileIO\BinaryFile.cpp">
      <Filter>FileIO</Filter>
    </ClCompile>
  </ItemGroup>
  <ItemGroup>
    <Filter Include="App">
      <UniqueIdentifier>{c4441e7c-8e83-4c98-b1b3-b751d760f625}</UniqueIdentifier>
    </Filter>
    <Filter Include="Common">
      <UniqueIdentifier>{0f6ab266-204d-47f1-b0f1-f7dcd5e3215b}</UniqueIdentifier>
    </Filter>
    <Filter Include="OpenGL">
      <UniqueIdentifier>{a462fed7-801a-4462-824d-bc872bee4365}</UniqueIdentifier>
    </Filter>
    <Filter Include="Optix">
      <UniqueIdentifier>{ccb7b2f3-1d66-42d8-a831-422c6b8ad7a8}</UniqueIdentifier>
    </Filter>
    <Filter Include="Resources">
      <UniqueIdentifier>{890d41a5-1426-47c1-afea-e4be90eb0337}</UniqueIdentifier>
    </Filter>
    <Filter Include="Utility">
      <UniqueIdentifier>{3794cf45-6236-4303-8a99-1586fc2ebcba}</UniqueIdentifier>
    </Filter>
    <Filter Include="GUI">
      <UniqueIdentifier>{124cb1e1-b40c-4768-8d39-01e31eb370aa}</UniqueIdentifier>
    </Filter>
    <Filter Include="Renderer">
      <UniqueIdentifier>{9853ed54-2a6f-41d5-bf8b-a49f4134ae5f}</UniqueIdentifier>
    </Filter>
    <Filter Include="CUDA">
      <UniqueIdentifier>{f8167abd-e5a9-49fc-95c5-94113d5ae47e}</UniqueIdentifier>
    </Filter>
    <Filter Include="FileIO">
      <UniqueIdentifier>{d1a97724-f5ba-4c93-8f56-d131838adce0}</UniqueIdentifier>
    </Filter>
    <Filter Include="glsl">
      <UniqueIdentifier>{c7f6896a-605e-4a32-b74e-cd48bbda9032}</UniqueIdentifier>
    </Filter>
    <Filter Include="Optix\GPU">
      <UniqueIdentifier>{e1b0efc4-ed84-4d98-9488-3d58e8fc4e2b}</UniqueIdentifier>
    </Filter>
    <Filter Include="CUDA\GPU">
      <UniqueIdentifier>{189067c2-d511-4a8a-8944-5ed76f36bc39}</UniqueIdentifier>
    </Filter>
    <Filter Include="CUDA\GPU\Shade">
      <UniqueIdentifier>{b93d2fe3-e89b-4b0e-a4c4-f8366b827012}</UniqueIdentifier>
    </Filter>
    <Filter Include="CUDA\GPU\Shade\BSDF">
      <UniqueIdentifier>{554e0a88-70d6-4981-b2be-dc8a3826a0ae}</UniqueIdentifier>
    </Filter>
  </ItemGroup>
  <ItemGroup>
    <ClInclude Include="Common\CommonStructs.h">
      <Filter>Common</Filter>
    </ClInclude>
    <ClInclude Include="OpenGL\Window.h">
      <Filter>OpenGL</Filter>
    </ClInclude>
    <ClInclude Include="Utility\LinearMath.h">
      <Filter>Utility</Filter>
    </ClInclude>
    <ClInclude Include="Utility\Stopwatch.h">
      <Filter>Utility</Filter>
    </ClInclude>
    <ClInclude Include="Utility\Utility.h">
      <Filter>Utility</Filter>
    </ClInclude>
    <ClInclude Include="OpenGL\Input.h">
      <Filter>OpenGL</Filter>
    </ClInclude>
    <ClInclude Include="Resources\Material.h">
      <Filter>Resources</Filter>
    </ClInclude>
    <ClInclude Include="OpenGL\GLTexture.h">
      <Filter>OpenGL</Filter>
    </ClInclude>
    <ClInclude Include="OpenGL\Shader.h">
      <Filter>OpenGL</Filter>
    </ClInclude>
    <ClInclude Include="OpenGL\GLHelpers.h">
      <Filter>OpenGL</Filter>
    </ClInclude>
    <ClInclude Include="Resources\Texture.h">
      <Filter>Resources</Filter>
    </ClInclude>
    <ClInclude Include="Resources\CameraNode.h">
      <Filter>Resources</Filter>
    </ClInclude>
    <ClInclude Include="Renderer\Renderer.h">
      <Filter>Renderer</Filter>
    </ClInclude>
    <ClInclude Include="Common\CommonUtility.h">
      <Filter>Common</Filter>
    </ClInclude>
    <ClInclude Include="Resources\Resource.h">
      <Filter>Resources</Filter>
    </ClInclude>
    <ClInclude Include="Resources\Instance.h">
      <Filter>Resources</Filter>
    </ClInclude>
    <ClInclude Include="Renderer\Scene.h">
      <Filter>Renderer</Filter>
    </ClInclude>
    <ClInclude Include="GUI\GuiHelpers.h">
      <Filter>GUI</Filter>
    </ClInclude>
    <ClInclude Include="FileIO\SceneFile.h">
      <Filter>FileIO</Filter>
    </ClInclude>
    <ClInclude Include="GUI\MainGui.h">
      <Filter>GUI</Filter>
    </ClInclude>
    <ClInclude Include="Utility\Logger.h">
      <Filter>Utility</Filter>
    </ClInclude>
    <ClInclude Include="Utility\LogStream.h">
      <Filter>Utility</Filter>
    </ClInclude>
    <ClInclude Include="Utility\Enum.h">
      <Filter>Utility</Filter>
    </ClInclude>
    <ClInclude Include="Renderer\Sky.h">
      <Filter>Renderer</Filter>
    </ClInclude>
    <ClInclude Include="App\App.h">
      <Filter>App</Filter>
    </ClInclude>
    <ClInclude Include="App\RunApp.h">
      <Filter>App</Filter>
    </ClInclude>
    <ClInclude Include="Utility\Named.h">
      <Filter>Utility</Filter>
    </ClInclude>
    <ClInclude Include="Utility\Defilable.h">
      <Filter>Utility</Filter>
    </ClInclude>
    <ClInclude Include="FileIO\ModelFile.h">
      <Filter>FileIO</Filter>
    </ClInclude>
    <ClInclude Include="FileIO\TextureFile.h">
      <Filter>FileIO</Filter>
    </ClInclude>
    <ClInclude Include="FileIO\FileInfo.h">
      <Filter>FileIO</Filter>
    </ClInclude>
    <ClInclude Include="CUDA\GPU\Shade\AmbientOcclusion.h">
      <Filter>CUDA\GPU\Shade</Filter>
    </ClInclude>
    <ClInclude Include="CUDA\GPU\Shade\AmbientOcclusionShading.h">
      <Filter>CUDA\GPU\Shade</Filter>
    </ClInclude>
    <ClInclude Include="CUDA\GPU\Shade\Bitangent.h">
      <Filter>CUDA\GPU\Shade</Filter>
    </ClInclude>
    <ClInclude Include="CUDA\GPU\Shade\DiffuseFilter.h">
      <Filter>CUDA\GPU\Shade</Filter>
    </ClInclude>
    <ClInclude Include="CUDA\GPU\Shade\DirectLight.h">
      <Filter>CUDA\GPU\Shade</Filter>
    </ClInclude>
    <ClInclude Include="CUDA\GPU\Shade\GeometricNormal.h">
      <Filter>CUDA\GPU\Shade</Filter>
    </ClInclude>
    <ClInclude Include="CUDA\GPU\Shade\MaterialID.h">
      <Filter>CUDA\GPU\Shade</Filter>
    </ClInclude>
    <ClInclude Include="CUDA\GPU\Shade\ObjectID.h">
      <Filter>CUDA\GPU\Shade</Filter>
    </ClInclude>
    <ClInclude Include="CUDA\GPU\Shade\PathTracing.h">
      <Filter>CUDA\GPU\Shade</Filter>
    </ClInclude>
    <ClInclude Include="CUDA\GPU\Shade\ShadingNormal.h">
      <Filter>CUDA\GPU\Shade</Filter>
    </ClInclude>
    <ClInclude Include="CUDA\GPU\Shade\Tangent.h">
      <Filter>CUDA\GPU\Shade</Filter>
    </ClInclude>
    <ClInclude Include="CUDA\GPU\Shade\TextureCoordinate.h">
      <Filter>CUDA\GPU\Shade</Filter>
    </ClInclude>
    <ClInclude Include="CUDA\GPU\Shade\Wireframe.h">
      <Filter>CUDA\GPU\Shade</Filter>
    </ClInclude>
    <ClInclude Include="CUDA\GPU\Shade\ZDepth.h">
      <Filter>CUDA\GPU\Shade</Filter>
    </ClInclude>
    <ClInclude Include="CUDA\GPU\Shade\BSDF\Closure.h">
      <Filter>CUDA\GPU\Shade\BSDF</Filter>
    </ClInclude>
    <ClInclude Include="CUDA\GPU\Shade\BSDF\Diffuse.h">
      <Filter>CUDA\GPU\Shade\BSDF</Filter>
    </ClInclude>
    <ClInclude Include="CUDA\GPU\CudaFwd.h">
      <Filter>CUDA\GPU</Filter>
    </ClInclude>
    <ClInclude Include="CUDA\GPU\CudaGlobals.h">
      <Filter>CUDA\GPU</Filter>
    </ClInclude>
    <ClInclude Include="CUDA\GPU\CudaSky.h">
      <Filter>CUDA\GPU</Filter>
    </ClInclude>
    <ClInclude Include="CUDA\GPU\CudaUtility.h">
      <Filter>CUDA\GPU</Filter>
    </ClInclude>
    <ClInclude Include="CUDA\GPU\CudaUtilityKernels.h">
      <Filter>CUDA\GPU</Filter>
    </ClInclude>
    <ClInclude Include="CUDA\CudaBuffer.h">
      <Filter>CUDA</Filter>
    </ClInclude>
    <ClInclude Include="CUDA\CudaError.h">
      <Filter>CUDA</Filter>
    </ClInclude>
    <ClInclude Include="Optix\OptixError.h">
      <Filter>Optix</Filter>
    </ClInclude>
    <ClInclude Include="FileIO\BinaryFile.h">
      <Filter>FileIO</Filter>
    </ClInclude>
    <ClInclude Include="CUDA\GPU\CudaLinearMath.h">
      <Filter>CUDA\GPU</Filter>
    </ClInclude>
  </ItemGroup>
  <ItemGroup>
    <None Include="Resources\Model.h">
      <Filter>Resources</Filter>
    </None>
    <None Include="glsl\FullScreenQuad.frag">
      <Filter>glsl</Filter>
    </None>
    <None Include="glsl\FullScreenQuad.vert">
      <Filter>glsl</Filter>
    </None>
    <None Include="CUDA\CudaBuffer.inl">
      <Filter>CUDA</Filter>
    </None>
    <None Include="FileIO\BinaryFile.inl">
      <Filter>FileIO</Filter>
    </None>
  </ItemGroup>
  <ItemGroup>
    <CudaCompile Include="Optix\GPU\optix.cu">
      <Filter>Optix\GPU</Filter>
    </CudaCompile>
    <CudaCompile Include="CUDA\GPU\cuda.cu">
      <Filter>CUDA\GPU</Filter>
    </CudaCompile>
  </ItemGroup>
</Project>