<?xml version="1.0" encoding="utf-8"?>
<Project ToolsVersion="4.0" xmlns="http://schemas.microsoft.com/developer/msbuild/2003">
  <ItemGroup>
    <ClCompile Include="Main.cpp" />
    <ClCompile Include="App\App.cpp">
      <Filter>App</Filter>
    </ClCompile>
    <ClCompile Include="OpenGL\Window.cpp">
      <Filter>OpenGL</Filter>
    </ClCompile>
    <ClCompile Include="Utility\Stopwatch.cpp">
      <Filter>Utility</Filter>
    </ClCompile>
    <ClCompile Include="Utility\Utility.cpp">
      <Filter>Utility</Filter>
    </ClCompile>
    <ClCompile Include="App\ControlScheme.cpp">
      <Filter>App</Filter>
    </ClCompile>
    <ClCompile Include="App\OrbitCameraController.cpp">
      <Filter>App</Filter>
    </ClCompile>
    <ClCompile Include="..\libraries\imgui\imgui.cpp">
      <Filter>GUI\ImGUI</Filter>
    </ClCompile>
    <ClCompile Include="..\libraries\imgui\imgui_impl_glfw.cpp">
      <Filter>GUI\ImGUI</Filter>
    </ClCompile>
    <ClCompile Include="..\libraries\imgui\imgui_widgets.cpp">
      <Filter>GUI\ImGUI</Filter>
    </ClCompile>
    <ClCompile Include="..\libraries\imgui\imgui_impl_opengl3.cpp">
      <Filter>GUI\ImGUI</Filter>
    </ClCompile>
    <ClCompile Include="..\libraries\imgui\imgui_draw.cpp">
      <Filter>GUI\ImGUI</Filter>
    </ClCompile>
    <ClCompile Include="Resources\Material.cpp">
      <Filter>Resources</Filter>
    </ClCompile>
    <ClCompile Include="Resources\Model.cpp">
      <Filter>Resources</Filter>
    </ClCompile>
    <ClCompile Include="OpenGL\GLTexture.cpp">
      <Filter>OpenGL</Filter>
    </ClCompile>
    <ClCompile Include="OpenGL\Shader.cpp">
      <Filter>OpenGL</Filter>
    </ClCompile>
    <ClCompile Include="OpenGL\GLHelpers.cpp">
      <Filter>OpenGL</Filter>
    </ClCompile>
    <ClCompile Include="Resources\Texture.cpp">
      <Filter>Resources</Filter>
    </ClCompile>
    <ClCompile Include="Resources\CameraNode.cpp">
      <Filter>Resources</Filter>
    </ClCompile>
    <ClCompile Include="Renderer\CudaBuffer.cpp">
      <Filter>Renderer</Filter>
    </ClCompile>
    <ClCompile Include="Renderer\Renderer.cpp">
      <Filter>Renderer</Filter>
    </ClCompile>
    <ClCompile Include="Renderer\CudaError.cpp">
      <Filter>Renderer</Filter>
    </ClCompile>
    <ClCompile Include="Common\CommonStructs.cpp">
      <Filter>Common</Filter>
    </ClCompile>
    <ClCompile Include="Renderer\OptixError.cpp">
      <Filter>Renderer</Filter>
    </ClCompile>
    <ClCompile Include="Resources\Instance.cpp">
      <Filter>Resources</Filter>
    </ClCompile>
    <ClCompile Include="Renderer\Scene.cpp">
      <Filter>Renderer</Filter>
    </ClCompile>
    <ClCompile Include="GUI\GuiHelpers.cpp">
      <Filter>GUI</Filter>
    </ClCompile>
    <ClCompile Include="FileIO\Importer.cpp">
      <Filter>FileIO</Filter>
    </ClCompile>
    <ClCompile Include="FileIO\SceneFile.cpp">
      <Filter>FileIO</Filter>
    </ClCompile>
    <ClCompile Include="Resources\Resource.cpp">
      <Filter>Resources</Filter>
    </ClCompile>
    <ClCompile Include="GUI\MainGui.cpp">
      <Filter>GUI</Filter>
    </ClCompile>
  </ItemGroup>
  <ItemGroup>
    <Filter Include="App">
      <UniqueIdentifier>{c4441e7c-8e83-4c98-b1b3-b751d760f625}</UniqueIdentifier>
    </Filter>
    <Filter Include="Common">
      <UniqueIdentifier>{0f6ab266-204d-47f1-b0f1-f7dcd5e3215b}</UniqueIdentifier>
    </Filter>
    <Filter Include="OpenGL">
      <UniqueIdentifier>{a462fed7-801a-4462-824d-bc872bee4365}</UniqueIdentifier>
    </Filter>
    <Filter Include="Optix">
      <UniqueIdentifier>{ccb7b2f3-1d66-42d8-a831-422c6b8ad7a8}</UniqueIdentifier>
    </Filter>
    <Filter Include="Resources">
      <UniqueIdentifier>{890d41a5-1426-47c1-afea-e4be90eb0337}</UniqueIdentifier>
    </Filter>
    <Filter Include="Utility">
      <UniqueIdentifier>{3794cf45-6236-4303-8a99-1586fc2ebcba}</UniqueIdentifier>
    </Filter>
    <Filter Include="GUI">
      <UniqueIdentifier>{124cb1e1-b40c-4768-8d39-01e31eb370aa}</UniqueIdentifier>
    </Filter>
    <Filter Include="GUI\ImGUI">
      <UniqueIdentifier>{3bed6e0a-c36c-42c8-b836-f224fe202670}</UniqueIdentifier>
    </Filter>
    <Filter Include="Renderer">
      <UniqueIdentifier>{9853ed54-2a6f-41d5-bf8b-a49f4134ae5f}</UniqueIdentifier>
    </Filter>
    <Filter Include="CUDA">
      <UniqueIdentifier>{f8167abd-e5a9-49fc-95c5-94113d5ae47e}</UniqueIdentifier>
    </Filter>
    <Filter Include="FileIO">
      <UniqueIdentifier>{d1a97724-f5ba-4c93-8f56-d131838adce0}</UniqueIdentifier>
    </Filter>
    <Filter Include="glsl">
      <UniqueIdentifier>{c7f6896a-605e-4a32-b74e-cd48bbda9032}</UniqueIdentifier>
    </Filter>
    <Filter Include="CUDA\Shade">
      <UniqueIdentifier>{92818293-8462-4654-b751-3d676b92fe2c}</UniqueIdentifier>
    </Filter>
    <Filter Include="CUDA\Shade\BSDF">
      <UniqueIdentifier>{d251a70f-af72-4786-8d9e-76e72c57e072}</UniqueIdentifier>
    </Filter>
  </ItemGroup>
  <ItemGroup>
    <ClInclude Include="App\App.h">
      <Filter>App</Filter>
    </ClInclude>
    <ClInclude Include="Common\CommonStructs.h">
      <Filter>Common</Filter>
    </ClInclude>
    <ClInclude Include="OpenGL\Window.h">
      <Filter>OpenGL</Filter>
    </ClInclude>
    <ClInclude Include="Utility\LinearMath.h">
      <Filter>Utility</Filter>
    </ClInclude>
    <ClInclude Include="Utility\Stopwatch.h">
      <Filter>Utility</Filter>
    </ClInclude>
    <ClInclude Include="Utility\Utility.h">
      <Filter>Utility</Filter>
    </ClInclude>
    <ClInclude Include="App\ControlScheme.h">
      <Filter>App</Filter>
    </ClInclude>
    <ClInclude Include="App\OrbitCameraController.h">
      <Filter>App</Filter>
    </ClInclude>
    <ClInclude Include="OpenGL\Input.h">
      <Filter>OpenGL</Filter>
    </ClInclude>
    <ClInclude Include="..\libraries\imgui\imconfig.h">
      <Filter>GUI\ImGUI</Filter>
    </ClInclude>
    <ClInclude Include="..\libraries\imgui\imgui.h">
      <Filter>GUI\ImGUI</Filter>
    </ClInclude>
    <ClInclude Include="..\libraries\imgui\imgui_impl_glfw.h">
      <Filter>GUI\ImGUI</Filter>
    </ClInclude>
    <ClInclude Include="..\libraries\imgui\imgui_internal.h">
      <Filter>GUI\ImGUI</Filter>
    </ClInclude>
    <ClInclude Include="..\libraries\imgui\imstb_rectpack.h">
      <Filter>GUI\ImGUI</Filter>
    </ClInclude>
    <ClInclude Include="..\libraries\imgui\imstb_textedit.h">
      <Filter>GUI\ImGUI</Filter>
    </ClInclude>
    <ClInclude Include="..\libraries\imgui\imstb_truetype.h">
      <Filter>GUI\ImGUI</Filter>
    </ClInclude>
    <ClInclude Include="..\libraries\imgui\imgui_impl_opengl3.h">
      <Filter>GUI\ImGUI</Filter>
    </ClInclude>
    <ClInclude Include="Resources\Material.h">
      <Filter>Resources</Filter>
    </ClInclude>
    <ClInclude Include="OpenGL\GLTexture.h">
      <Filter>OpenGL</Filter>
    </ClInclude>
    <ClInclude Include="OpenGL\Shader.h">
      <Filter>OpenGL</Filter>
    </ClInclude>
    <ClInclude Include="OpenGL\GLHelpers.h">
      <Filter>OpenGL</Filter>
    </ClInclude>
    <ClInclude Include="Resources\Texture.h">
      <Filter>Resources</Filter>
    </ClInclude>
    <ClInclude Include="Resources\CameraNode.h">
      <Filter>Resources</Filter>
    </ClInclude>
    <ClInclude Include="Renderer\CudaBuffer.h">
      <Filter>Renderer</Filter>
    </ClInclude>
    <ClInclude Include="Renderer\Renderer.h">
      <Filter>Renderer</Filter>
    </ClInclude>
    <ClInclude Include="Renderer\CudaError.h">
      <Filter>Renderer</Filter>
    </ClInclude>
    <ClInclude Include="CUDA\CudaUtility.h">
      <Filter>CUDA</Filter>
    </ClInclude>
    <ClInclude Include="CUDA\CudaFwd.h">
      <Filter>CUDA</Filter>
    </ClInclude>
    <ClInclude Include="Common\CommonUtility.h">
      <Filter>Common</Filter>
    </ClInclude>
    <ClInclude Include="Renderer\OptixError.h">
      <Filter>Renderer</Filter>
    </ClInclude>
    <ClInclude Include="Resources\Resource.h">
      <Filter>Resources</Filter>
    </ClInclude>
    <ClInclude Include="Resources\Instance.h">
      <Filter>Resources</Filter>
    </ClInclude>
    <ClInclude Include="Renderer\Scene.h">
      <Filter>Renderer</Filter>
    </ClInclude>
    <ClInclude Include="GUI\GuiHelpers.h">
      <Filter>GUI</Filter>
    </ClInclude>
    <ClInclude Include="FileIO\Importer.h">
      <Filter>FileIO</Filter>
    </ClInclude>
    <ClInclude Include="FileIO\SceneFile.h">
      <Filter>FileIO</Filter>
    </ClInclude>
    <ClInclude Include="CUDA\CudaUtilityKernels.h">
      <Filter>CUDA</Filter>
    </ClInclude>
    <ClInclude Include="CUDA\Shade\AmbientOcclusion.h">
      <Filter>CUDA\Shade</Filter>
    </ClInclude>
    <ClInclude Include="CUDA\Shade\AmbientOcclusionShading.h">
      <Filter>CUDA\Shade</Filter>
    </ClInclude>
    <ClInclude Include="CUDA\Shade\DiffuseFilter.h">
      <Filter>CUDA\Shade</Filter>
    </ClInclude>
    <ClInclude Include="CUDA\Shade\DirectLight.h">
      <Filter>CUDA\Shade</Filter>
    </ClInclude>
    <ClInclude Include="CUDA\Shade\GeometricNormal.h">
      <Filter>CUDA\Shade</Filter>
    </ClInclude>
    <ClInclude Include="CUDA\Shade\MaterialID.h">
      <Filter>CUDA\Shade</Filter>
    </ClInclude>
    <ClInclude Include="CUDA\Shade\ObjectID.h">
      <Filter>CUDA\Shade</Filter>
    </ClInclude>
    <ClInclude Include="CUDA\Shade\PathTracing.h">
      <Filter>CUDA\Shade</Filter>
    </ClInclude>
    <ClInclude Include="CUDA\Shade\ShadingNormal.h">
      <Filter>CUDA\Shade</Filter>
    </ClInclude>
    <ClInclude Include="CUDA\Shade\TextureCoordinate.h">
      <Filter>CUDA\Shade</Filter>
    </ClInclude>
    <ClInclude Include="CUDA\Shade\Wireframe.h">
      <Filter>CUDA\Shade</Filter>
    </ClInclude>
    <ClInclude Include="CUDA\Shade\ZDepth.h">
      <Filter>CUDA\Shade</Filter>
    </ClInclude>
    <ClInclude Include="CUDA\Shade\BSDF\Diffuse.h">
      <Filter>CUDA\Shade\BSDF</Filter>
    </ClInclude>
    <ClInclude Include="CUDA\Shade\BSDF\Closure.h">
      <Filter>CUDA\Shade\BSDF</Filter>
    </ClInclude>
    <ClInclude Include="CUDA\Shade\Tangent.h">
      <Filter>CUDA\Shade</Filter>
    </ClInclude>
    <ClInclude Include="CUDA\Shade\Bitangent.h">
      <Filter>CUDA\Shade</Filter>
    </ClInclude>
    <ClInclude Include="GUI\MainGui.h">
      <Filter>GUI</Filter>
    </ClInclude>
  </ItemGroup>
  <ItemGroup>
    <None Include="Resources\Model.h">
      <Filter>Resources</Filter>
    </None>
    <None Include="glsl\FullScreenQuad.frag">
      <Filter>glsl</Filter>
    </None>
    <None Include="glsl\FullScreenQuad.vert">
      <Filter>glsl</Filter>
    </None>
  </ItemGroup>
  <ItemGroup>
    <CudaCompile Include="Optix\optix.cu">
      <Filter>Optix</Filter>
    </CudaCompile>
    <CudaCompile Include="CUDA\cuda.cu">
      <Filter>CUDA</Filter>
    </CudaCompile>
  </ItemGroup>
</Project>